// !$*UTF8*$!
{
	archiveVersion = 1;
	classes = {
	};
	objectVersion = 46;
	objects = {

/* Begin PBXBuildFile section */
		EE2E4F771B70963C00F01E8E /* main.m in Sources */ = {isa = PBXBuildFile; fileRef = EE2E4F761B70963C00F01E8E /* main.m */; };
		EE2E4F7A1B70963C00F01E8E /* AppDelegate.m in Sources */ = {isa = PBXBuildFile; fileRef = EE2E4F791B70963C00F01E8E /* AppDelegate.m */; };
		EE2E4F821B70963C00F01E8E /* Images.xcassets in Resources */ = {isa = PBXBuildFile; fileRef = EE2E4F811B70963C00F01E8E /* Images.xcassets */; };
		EE2E4F851B70963C00F01E8E /* LaunchScreen.xib in Resources */ = {isa = PBXBuildFile; fileRef = EE2E4F831B70963C00F01E8E /* LaunchScreen.xib */; };
		EE2E4F911B70963C00F01E8E /* HZPhotoBrowserDemoTests.m in Sources */ = {isa = PBXBuildFile; fileRef = EE2E4F901B70963C00F01E8E /* HZPhotoBrowserDemoTests.m */; };
		EE2E4F9B1B70966800F01E8E /* Main.storyboard in Resources */ = {isa = PBXBuildFile; fileRef = EE2E4F9A1B70966800F01E8E /* Main.storyboard */; };
		EE2E4FA21B70967C00F01E8E /* ViewController.m in Sources */ = {isa = PBXBuildFile; fileRef = EE2E4F9D1B70967C00F01E8E /* ViewController.m */; };
		EE2E4FA31B70967C00F01E8E /* CustomCell.m in Sources */ = {isa = PBXBuildFile; fileRef = EE2E4F9F1B70967C00F01E8E /* CustomCell.m */; };
		EE2E4FA41B70967C00F01E8E /* personInfo.m in Sources */ = {isa = PBXBuildFile; fileRef = EE2E4FA11B70967C00F01E8E /* personInfo.m */; };
		EE2E4FD51B70969100F01E8E /* HZImagesGroupView.m in Sources */ = {isa = PBXBuildFile; fileRef = EE2E4FA71B70969100F01E8E /* HZImagesGroupView.m */; };
		EE2E4FD61B70969100F01E8E /* HZIndicatorView.m in Sources */ = {isa = PBXBuildFile; fileRef = EE2E4FAA1B70969100F01E8E /* HZIndicatorView.m */; };
		EE2E4FD71B70969100F01E8E /* HZPhotoBrowser.m in Sources */ = {isa = PBXBuildFile; fileRef = EE2E4FAC1B70969100F01E8E /* HZPhotoBrowser.m */; };
		EE2E4FD81B70969100F01E8E /* HZPhotoBrowserView.m in Sources */ = {isa = PBXBuildFile; fileRef = EE2E4FAF1B70969100F01E8E /* HZPhotoBrowserView.m */; };
		EE2E4FD91B70969100F01E8E /* whiteplaceholder.png in Resources */ = {isa = PBXBuildFile; fileRef = EE2E4FB01B70969100F01E8E /* whiteplaceholder.png */; };
		EE2E4FDA1B70969100F01E8E /* HZPhotoItemModel.m in Sources */ = {isa = PBXBuildFile; fileRef = EE2E4FB21B70969100F01E8E /* HZPhotoItemModel.m */; };
		EE2E4FDB1B70969100F01E8E /* MKAnnotationView+WebCache.m in Sources */ = {isa = PBXBuildFile; fileRef = EE2E4FB51B70969100F01E8E /* MKAnnotationView+WebCache.m */; };
		EE2E4FDC1B70969100F01E8E /* NSData+ImageContentType.m in Sources */ = {isa = PBXBuildFile; fileRef = EE2E4FB71B70969100F01E8E /* NSData+ImageContentType.m */; };
		EE2E4FDD1B70969100F01E8E /* SDImageCache.m in Sources */ = {isa = PBXBuildFile; fileRef = EE2E4FB91B70969100F01E8E /* SDImageCache.m */; };
		EE2E4FDE1B70969100F01E8E /* SDWebImageCompat.m in Sources */ = {isa = PBXBuildFile; fileRef = EE2E4FBB1B70969100F01E8E /* SDWebImageCompat.m */; };
		EE2E4FDF1B70969100F01E8E /* SDWebImageDecoder.m in Sources */ = {isa = PBXBuildFile; fileRef = EE2E4FBD1B70969100F01E8E /* SDWebImageDecoder.m */; };
		EE2E4FE01B70969100F01E8E /* SDWebImageDownloader.m in Sources */ = {isa = PBXBuildFile; fileRef = EE2E4FBF1B70969100F01E8E /* SDWebImageDownloader.m */; };
		EE2E4FE11B70969100F01E8E /* SDWebImageDownloaderOperation.m in Sources */ = {isa = PBXBuildFile; fileRef = EE2E4FC11B70969100F01E8E /* SDWebImageDownloaderOperation.m */; };
		EE2E4FE21B70969100F01E8E /* SDWebImageManager.m in Sources */ = {isa = PBXBuildFile; fileRef = EE2E4FC31B70969100F01E8E /* SDWebImageManager.m */; };
		EE2E4FE31B70969100F01E8E /* SDWebImagePrefetcher.m in Sources */ = {isa = PBXBuildFile; fileRef = EE2E4FC61B70969100F01E8E /* SDWebImagePrefetcher.m */; };
		EE2E4FE41B70969100F01E8E /* UIButton+WebCache.m in Sources */ = {isa = PBXBuildFile; fileRef = EE2E4FC81B70969100F01E8E /* UIButton+WebCache.m */; };
		EE2E4FE51B70969100F01E8E /* UIImage+GIF.m in Sources */ = {isa = PBXBuildFile; fileRef = EE2E4FCA1B70969100F01E8E /* UIImage+GIF.m */; };
		EE2E4FE61B70969100F01E8E /* UIImage+MultiFormat.m in Sources */ = {isa = PBXBuildFile; fileRef = EE2E4FCC1B70969100F01E8E /* UIImage+MultiFormat.m */; };
		EE2E4FE71B70969100F01E8E /* UIImage+WebP.m in Sources */ = {isa = PBXBuildFile; fileRef = EE2E4FCE1B70969100F01E8E /* UIImage+WebP.m */; };
		EE2E4FE81B70969100F01E8E /* UIImageView+HighlightedWebCache.m in Sources */ = {isa = PBXBuildFile; fileRef = EE2E4FD01B70969100F01E8E /* UIImageView+HighlightedWebCache.m */; };
		EE2E4FE91B70969100F01E8E /* UIImageView+WebCache.m in Sources */ = {isa = PBXBuildFile; fileRef = EE2E4FD21B70969100F01E8E /* UIImageView+WebCache.m */; };
		EE2E4FEA1B70969100F01E8E /* UIView+WebCacheOperation.m in Sources */ = {isa = PBXBuildFile; fileRef = EE2E4FD41B70969100F01E8E /* UIView+WebCacheOperation.m */; };
		EE2E4FED1B709F4500F01E8E /* HZNavigationController.m in Sources */ = {isa = PBXBuildFile; fileRef = EE2E4FEC1B709F4500F01E8E /* HZNavigationController.m */; };
/* End PBXBuildFile section */

/* Begin PBXContainerItemProxy section */
		EE2E4F8B1B70963C00F01E8E /* PBXContainerItemProxy */ = {
			isa = PBXContainerItemProxy;
			containerPortal = EE2E4F691B70963C00F01E8E /* Project object */;
			proxyType = 1;
			remoteGlobalIDString = EE2E4F701B70963C00F01E8E;
			remoteInfo = HZPhotoBrowserDemo;
		};
/* End PBXContainerItemProxy section */

/* Begin PBXFileReference section */
		EE2E4F711B70963C00F01E8E /* HZPhotoBrowserDemo.app */ = {isa = PBXFileReference; explicitFileType = wrapper.application; includeInIndex = 0; path = HZPhotoBrowserDemo.app; sourceTree = BUILT_PRODUCTS_DIR; };
		EE2E4F751B70963C00F01E8E /* Info.plist */ = {isa = PBXFileReference; lastKnownFileType = text.plist.xml; path = Info.plist; sourceTree = "<group>"; };
		EE2E4F761B70963C00F01E8E /* main.m */ = {isa = PBXFileReference; lastKnownFileType = sourcecode.c.objc; path = main.m; sourceTree = "<group>"; };
		EE2E4F781B70963C00F01E8E /* AppDelegate.h */ = {isa = PBXFileReference; lastKnownFileType = sourcecode.c.h; path = AppDelegate.h; sourceTree = "<group>"; };
		EE2E4F791B70963C00F01E8E /* AppDelegate.m */ = {isa = PBXFileReference; lastKnownFileType = sourcecode.c.objc; path = AppDelegate.m; sourceTree = "<group>"; };
		EE2E4F811B70963C00F01E8E /* Images.xcassets */ = {isa = PBXFileReference; lastKnownFileType = folder.assetcatalog; path = Images.xcassets; sourceTree = "<group>"; };
		EE2E4F841B70963C00F01E8E /* Base */ = {isa = PBXFileReference; lastKnownFileType = file.xib; name = Base; path = Base.lproj/LaunchScreen.xib; sourceTree = "<group>"; };
		EE2E4F8A1B70963C00F01E8E /* HZPhotoBrowserDemoTests.xctest */ = {isa = PBXFileReference; explicitFileType = wrapper.cfbundle; includeInIndex = 0; path = HZPhotoBrowserDemoTests.xctest; sourceTree = BUILT_PRODUCTS_DIR; };
		EE2E4F8F1B70963C00F01E8E /* Info.plist */ = {isa = PBXFileReference; lastKnownFileType = text.plist.xml; path = Info.plist; sourceTree = "<group>"; };
		EE2E4F901B70963C00F01E8E /* HZPhotoBrowserDemoTests.m */ = {isa = PBXFileReference; lastKnownFileType = sourcecode.c.objc; path = HZPhotoBrowserDemoTests.m; sourceTree = "<group>"; };
		EE2E4F9A1B70966800F01E8E /* Main.storyboard */ = {isa = PBXFileReference; fileEncoding = 4; lastKnownFileType = file.storyboard; path = Main.storyboard; sourceTree = "<group>"; };
		EE2E4F9C1B70967C00F01E8E /* ViewController.h */ = {isa = PBXFileReference; fileEncoding = 4; lastKnownFileType = sourcecode.c.h; path = ViewController.h; sourceTree = "<group>"; };
		EE2E4F9D1B70967C00F01E8E /* ViewController.m */ = {isa = PBXFileReference; fileEncoding = 4; lastKnownFileType = sourcecode.c.objc; path = ViewController.m; sourceTree = "<group>"; };
		EE2E4F9E1B70967C00F01E8E /* CustomCell.h */ = {isa = PBXFileReference; fileEncoding = 4; lastKnownFileType = sourcecode.c.h; path = CustomCell.h; sourceTree = "<group>"; };
		EE2E4F9F1B70967C00F01E8E /* CustomCell.m */ = {isa = PBXFileReference; fileEncoding = 4; lastKnownFileType = sourcecode.c.objc; path = CustomCell.m; sourceTree = "<group>"; };
		EE2E4FA01B70967C00F01E8E /* personInfo.h */ = {isa = PBXFileReference; fileEncoding = 4; lastKnownFileType = sourcecode.c.h; path = personInfo.h; sourceTree = "<group>"; };
		EE2E4FA11B70967C00F01E8E /* personInfo.m */ = {isa = PBXFileReference; fileEncoding = 4; lastKnownFileType = sourcecode.c.objc; path = personInfo.m; sourceTree = "<group>"; };
		EE2E4FA61B70969100F01E8E /* HZImagesGroupView.h */ = {isa = PBXFileReference; fileEncoding = 4; lastKnownFileType = sourcecode.c.h; path = HZImagesGroupView.h; sourceTree = "<group>"; };
		EE2E4FA71B70969100F01E8E /* HZImagesGroupView.m */ = {isa = PBXFileReference; fileEncoding = 4; lastKnownFileType = sourcecode.c.objc; path = HZImagesGroupView.m; sourceTree = "<group>"; };
		EE2E4FA91B70969100F01E8E /* HZIndicatorView.h */ = {isa = PBXFileReference; fileEncoding = 4; lastKnownFileType = sourcecode.c.h; path = HZIndicatorView.h; sourceTree = "<group>"; };
		EE2E4FAA1B70969100F01E8E /* HZIndicatorView.m */ = {isa = PBXFileReference; fileEncoding = 4; lastKnownFileType = sourcecode.c.objc; path = HZIndicatorView.m; sourceTree = "<group>"; };
		EE2E4FAB1B70969100F01E8E /* HZPhotoBrowser.h */ = {isa = PBXFileReference; fileEncoding = 4; lastKnownFileType = sourcecode.c.h; path = HZPhotoBrowser.h; sourceTree = "<group>"; };
		EE2E4FAC1B70969100F01E8E /* HZPhotoBrowser.m */ = {isa = PBXFileReference; fileEncoding = 4; lastKnownFileType = sourcecode.c.objc; path = HZPhotoBrowser.m; sourceTree = "<group>"; };
		EE2E4FAD1B70969100F01E8E /* HZPhotoBrowserConfig.h */ = {isa = PBXFileReference; fileEncoding = 4; lastKnownFileType = sourcecode.c.h; path = HZPhotoBrowserConfig.h; sourceTree = "<group>"; };
		EE2E4FAE1B70969100F01E8E /* HZPhotoBrowserView.h */ = {isa = PBXFileReference; fileEncoding = 4; lastKnownFileType = sourcecode.c.h; path = HZPhotoBrowserView.h; sourceTree = "<group>"; };
		EE2E4FAF1B70969100F01E8E /* HZPhotoBrowserView.m */ = {isa = PBXFileReference; fileEncoding = 4; lastKnownFileType = sourcecode.c.objc; path = HZPhotoBrowserView.m; sourceTree = "<group>"; };
		EE2E4FB01B70969100F01E8E /* whiteplaceholder.png */ = {isa = PBXFileReference; lastKnownFileType = image.png; path = whiteplaceholder.png; sourceTree = "<group>"; };
		EE2E4FB11B70969100F01E8E /* HZPhotoItemModel.h */ = {isa = PBXFileReference; fileEncoding = 4; lastKnownFileType = sourcecode.c.h; path = HZPhotoItemModel.h; sourceTree = "<group>"; };
		EE2E4FB21B70969100F01E8E /* HZPhotoItemModel.m */ = {isa = PBXFileReference; fileEncoding = 4; lastKnownFileType = sourcecode.c.objc; path = HZPhotoItemModel.m; sourceTree = "<group>"; };
		EE2E4FB41B70969100F01E8E /* MKAnnotationView+WebCache.h */ = {isa = PBXFileReference; fileEncoding = 4; lastKnownFileType = sourcecode.c.h; path = "MKAnnotationView+WebCache.h"; sourceTree = "<group>"; };
		EE2E4FB51B70969100F01E8E /* MKAnnotationView+WebCache.m */ = {isa = PBXFileReference; fileEncoding = 4; lastKnownFileType = sourcecode.c.objc; path = "MKAnnotationView+WebCache.m"; sourceTree = "<group>"; };
		EE2E4FB61B70969100F01E8E /* NSData+ImageContentType.h */ = {isa = PBXFileReference; fileEncoding = 4; lastKnownFileType = sourcecode.c.h; path = "NSData+ImageContentType.h"; sourceTree = "<group>"; };
		EE2E4FB71B70969100F01E8E /* NSData+ImageContentType.m */ = {isa = PBXFileReference; fileEncoding = 4; lastKnownFileType = sourcecode.c.objc; path = "NSData+ImageContentType.m"; sourceTree = "<group>"; };
		EE2E4FB81B70969100F01E8E /* SDImageCache.h */ = {isa = PBXFileReference; fileEncoding = 4; lastKnownFileType = sourcecode.c.h; path = SDImageCache.h; sourceTree = "<group>"; };
		EE2E4FB91B70969100F01E8E /* SDImageCache.m */ = {isa = PBXFileReference; fileEncoding = 4; lastKnownFileType = sourcecode.c.objc; path = SDImageCache.m; sourceTree = "<group>"; };
		EE2E4FBA1B70969100F01E8E /* SDWebImageCompat.h */ = {isa = PBXFileReference; fileEncoding = 4; lastKnownFileType = sourcecode.c.h; path = SDWebImageCompat.h; sourceTree = "<group>"; };
		EE2E4FBB1B70969100F01E8E /* SDWebImageCompat.m */ = {isa = PBXFileReference; fileEncoding = 4; lastKnownFileType = sourcecode.c.objc; path = SDWebImageCompat.m; sourceTree = "<group>"; };
		EE2E4FBC1B70969100F01E8E /* SDWebImageDecoder.h */ = {isa = PBXFileReference; fileEncoding = 4; lastKnownFileType = sourcecode.c.h; path = SDWebImageDecoder.h; sourceTree = "<group>"; };
		EE2E4FBD1B70969100F01E8E /* SDWebImageDecoder.m */ = {isa = PBXFileReference; fileEncoding = 4; lastKnownFileType = sourcecode.c.objc; path = SDWebImageDecoder.m; sourceTree = "<group>"; };
		EE2E4FBE1B70969100F01E8E /* SDWebImageDownloader.h */ = {isa = PBXFileReference; fileEncoding = 4; lastKnownFileType = sourcecode.c.h; path = SDWebImageDownloader.h; sourceTree = "<group>"; };
		EE2E4FBF1B70969100F01E8E /* SDWebImageDownloader.m */ = {isa = PBXFileReference; fileEncoding = 4; lastKnownFileType = sourcecode.c.objc; path = SDWebImageDownloader.m; sourceTree = "<group>"; };
		EE2E4FC01B70969100F01E8E /* SDWebImageDownloaderOperation.h */ = {isa = PBXFileReference; fileEncoding = 4; lastKnownFileType = sourcecode.c.h; path = SDWebImageDownloaderOperation.h; sourceTree = "<group>"; };
		EE2E4FC11B70969100F01E8E /* SDWebImageDownloaderOperation.m */ = {isa = PBXFileReference; fileEncoding = 4; lastKnownFileType = sourcecode.c.objc; path = SDWebImageDownloaderOperation.m; sourceTree = "<group>"; };
		EE2E4FC21B70969100F01E8E /* SDWebImageManager.h */ = {isa = PBXFileReference; fileEncoding = 4; lastKnownFileType = sourcecode.c.h; path = SDWebImageManager.h; sourceTree = "<group>"; };
		EE2E4FC31B70969100F01E8E /* SDWebImageManager.m */ = {isa = PBXFileReference; fileEncoding = 4; lastKnownFileType = sourcecode.c.objc; path = SDWebImageManager.m; sourceTree = "<group>"; };
		EE2E4FC41B70969100F01E8E /* SDWebImageOperation.h */ = {isa = PBXFileReference; fileEncoding = 4; lastKnownFileType = sourcecode.c.h; path = SDWebImageOperation.h; sourceTree = "<group>"; };
		EE2E4FC51B70969100F01E8E /* SDWebImagePrefetcher.h */ = {isa = PBXFileReference; fileEncoding = 4; lastKnownFileType = sourcecode.c.h; path = SDWebImagePrefetcher.h; sourceTree = "<group>"; };
		EE2E4FC61B70969100F01E8E /* SDWebImagePrefetcher.m */ = {isa = PBXFileReference; fileEncoding = 4; lastKnownFileType = sourcecode.c.objc; path = SDWebImagePrefetcher.m; sourceTree = "<group>"; };
		EE2E4FC71B70969100F01E8E /* UIButton+WebCache.h */ = {isa = PBXFileReference; fileEncoding = 4; lastKnownFileType = sourcecode.c.h; path = "UIButton+WebCache.h"; sourceTree = "<group>"; };
		EE2E4FC81B70969100F01E8E /* UIButton+WebCache.m */ = {isa = PBXFileReference; fileEncoding = 4; lastKnownFileType = sourcecode.c.objc; path = "UIButton+WebCache.m"; sourceTree = "<group>"; };
		EE2E4FC91B70969100F01E8E /* UIImage+GIF.h */ = {isa = PBXFileReference; fileEncoding = 4; lastKnownFileType = sourcecode.c.h; path = "UIImage+GIF.h"; sourceTree = "<group>"; };
		EE2E4FCA1B70969100F01E8E /* UIImage+GIF.m */ = {isa = PBXFileReference; fileEncoding = 4; lastKnownFileType = sourcecode.c.objc; path = "UIImage+GIF.m"; sourceTree = "<group>"; };
		EE2E4FCB1B70969100F01E8E /* UIImage+MultiFormat.h */ = {isa = PBXFileReference; fileEncoding = 4; lastKnownFileType = sourcecode.c.h; path = "UIImage+MultiFormat.h"; sourceTree = "<group>"; };
		EE2E4FCC1B70969100F01E8E /* UIImage+MultiFormat.m */ = {isa = PBXFileReference; fileEncoding = 4; lastKnownFileType = sourcecode.c.objc; path = "UIImage+MultiFormat.m"; sourceTree = "<group>"; };
		EE2E4FCD1B70969100F01E8E /* UIImage+WebP.h */ = {isa = PBXFileReference; fileEncoding = 4; lastKnownFileType = sourcecode.c.h; path = "UIImage+WebP.h"; sourceTree = "<group>"; };
		EE2E4FCE1B70969100F01E8E /* UIImage+WebP.m */ = {isa = PBXFileReference; fileEncoding = 4; lastKnownFileType = sourcecode.c.objc; path = "UIImage+WebP.m"; sourceTree = "<group>"; };
		EE2E4FCF1B70969100F01E8E /* UIImageView+HighlightedWebCache.h */ = {isa = PBXFileReference; fileEncoding = 4; lastKnownFileType = sourcecode.c.h; path = "UIImageView+HighlightedWebCache.h"; sourceTree = "<group>"; };
		EE2E4FD01B70969100F01E8E /* UIImageView+HighlightedWebCache.m */ = {isa = PBXFileReference; fileEncoding = 4; lastKnownFileType = sourcecode.c.objc; path = "UIImageView+HighlightedWebCache.m"; sourceTree = "<group>"; };
		EE2E4FD11B70969100F01E8E /* UIImageView+WebCache.h */ = {isa = PBXFileReference; fileEncoding = 4; lastKnownFileType = sourcecode.c.h; path = "UIImageView+WebCache.h"; sourceTree = "<group>"; };
		EE2E4FD21B70969100F01E8E /* UIImageView+WebCache.m */ = {isa = PBXFileReference; fileEncoding = 4; lastKnownFileType = sourcecode.c.objc; path = "UIImageView+WebCache.m"; sourceTree = "<group>"; };
		EE2E4FD31B70969100F01E8E /* UIView+WebCacheOperation.h */ = {isa = PBXFileReference; fileEncoding = 4; lastKnownFileType = sourcecode.c.h; path = "UIView+WebCacheOperation.h"; sourceTree = "<group>"; };
		EE2E4FD41B70969100F01E8E /* UIView+WebCacheOperation.m */ = {isa = PBXFileReference; fileEncoding = 4; lastKnownFileType = sourcecode.c.objc; path = "UIView+WebCacheOperation.m"; sourceTree = "<group>"; };
		EE2E4FEB1B709F4500F01E8E /* HZNavigationController.h */ = {isa = PBXFileReference; fileEncoding = 4; lastKnownFileType = sourcecode.c.h; path = HZNavigationController.h; sourceTree = "<group>"; };
		EE2E4FEC1B709F4500F01E8E /* HZNavigationController.m */ = {isa = PBXFileReference; fileEncoding = 4; lastKnownFileType = sourcecode.c.objc; path = HZNavigationController.m; sourceTree = "<group>"; };
/* End PBXFileReference section */

/* Begin PBXFrameworksBuildPhase section */
		EE2E4F6E1B70963C00F01E8E /* Frameworks */ = {
			isa = PBXFrameworksBuildPhase;
			buildActionMask = 2147483647;
			files = (
			);
			runOnlyForDeploymentPostprocessing = 0;
		};
		EE2E4F871B70963C00F01E8E /* Frameworks */ = {
			isa = PBXFrameworksBuildPhase;
			buildActionMask = 2147483647;
			files = (
			);
			runOnlyForDeploymentPostprocessing = 0;
		};
/* End PBXFrameworksBuildPhase section */

/* Begin PBXGroup section */
		EE2E4F681B70963C00F01E8E = {
			isa = PBXGroup;
			children = (
				EE2E4F731B70963C00F01E8E /* HZPhotoBrowserDemo */,
				EE2E4F8D1B70963C00F01E8E /* HZPhotoBrowserDemoTests */,
				EE2E4F721B70963C00F01E8E /* Products */,
			);
			sourceTree = "<group>";
		};
		EE2E4F721B70963C00F01E8E /* Products */ = {
			isa = PBXGroup;
			children = (
				EE2E4F711B70963C00F01E8E /* HZPhotoBrowserDemo.app */,
				EE2E4F8A1B70963C00F01E8E /* HZPhotoBrowserDemoTests.xctest */,
			);
			name = Products;
			sourceTree = "<group>";
		};
		EE2E4F731B70963C00F01E8E /* HZPhotoBrowserDemo */ = {
			isa = PBXGroup;
			children = (
				EE2E4FA51B70969100F01E8E /* photoBroser */,
				EE2E4F9C1B70967C00F01E8E /* ViewController.h */,
				EE2E4F9D1B70967C00F01E8E /* ViewController.m */,
				EE2E4F9E1B70967C00F01E8E /* CustomCell.h */,
				EE2E4F9F1B70967C00F01E8E /* CustomCell.m */,
				EE2E4FA01B70967C00F01E8E /* personInfo.h */,
				EE2E4FA11B70967C00F01E8E /* personInfo.m */,
				EE2E4FEB1B709F4500F01E8E /* HZNavigationController.h */,
				EE2E4FEC1B709F4500F01E8E /* HZNavigationController.m */,
				EE2E4F9A1B70966800F01E8E /* Main.storyboard */,
				EE2E4F781B70963C00F01E8E /* AppDelegate.h */,
				EE2E4F791B70963C00F01E8E /* AppDelegate.m */,
				EE2E4F811B70963C00F01E8E /* Images.xcassets */,
				EE2E4F831B70963C00F01E8E /* LaunchScreen.xib */,
				EE2E4F741B70963C00F01E8E /* Supporting Files */,
			);
			path = HZPhotoBrowserDemo;
			sourceTree = "<group>";
		};
		EE2E4F741B70963C00F01E8E /* Supporting Files */ = {
			isa = PBXGroup;
			children = (
				EE2E4F751B70963C00F01E8E /* Info.plist */,
				EE2E4F761B70963C00F01E8E /* main.m */,
			);
			name = "Supporting Files";
			sourceTree = "<group>";
		};
		EE2E4F8D1B70963C00F01E8E /* HZPhotoBrowserDemoTests */ = {
			isa = PBXGroup;
			children = (
				EE2E4F901B70963C00F01E8E /* HZPhotoBrowserDemoTests.m */,
				EE2E4F8E1B70963C00F01E8E /* Supporting Files */,
			);
			path = HZPhotoBrowserDemoTests;
			sourceTree = "<group>";
		};
		EE2E4F8E1B70963C00F01E8E /* Supporting Files */ = {
			isa = PBXGroup;
			children = (
				EE2E4F8F1B70963C00F01E8E /* Info.plist */,
			);
			name = "Supporting Files";
			sourceTree = "<group>";
		};
		EE2E4FA51B70969100F01E8E /* photoBroser */ = {
			isa = PBXGroup;
			children = (
				EE2E4FB11B70969100F01E8E /* HZPhotoItemModel.h */,
				EE2E4FB21B70969100F01E8E /* HZPhotoItemModel.m */,
				EE2E4FA61B70969100F01E8E /* HZImagesGroupView.h */,
				EE2E4FA71B70969100F01E8E /* HZImagesGroupView.m */,
				EE2E4FA81B70969100F01E8E /* HZPhotoBrowser */,
				EE2E4FB31B70969100F01E8E /* SDWebImage */,
			);
			path = photoBroser;
			sourceTree = "<group>";
		};
		EE2E4FA81B70969100F01E8E /* HZPhotoBrowser */ = {
			isa = PBXGroup;
			children = (
				EE2E4FA91B70969100F01E8E /* HZIndicatorView.h */,
				EE2E4FAA1B70969100F01E8E /* HZIndicatorView.m */,
				EE2E4FAB1B70969100F01E8E /* HZPhotoBrowser.h */,
				EE2E4FAC1B70969100F01E8E /* HZPhotoBrowser.m */,
				EE2E4FAD1B70969100F01E8E /* HZPhotoBrowserConfig.h */,
				EE2E4FAE1B70969100F01E8E /* HZPhotoBrowserView.h */,
				EE2E4FAF1B70969100F01E8E /* HZPhotoBrowserView.m */,
				EE2E4FB01B70969100F01E8E /* whiteplaceholder.png */,
			);
			path = HZPhotoBrowser;
			sourceTree = "<group>";
		};
		EE2E4FB31B70969100F01E8E /* SDWebImage */ = {
			isa = PBXGroup;
			children = (
				EE2E4FB41B70969100F01E8E /* MKAnnotationView+WebCache.h */,
				EE2E4FB51B70969100F01E8E /* MKAnnotationView+WebCache.m */,
				EE2E4FB61B70969100F01E8E /* NSData+ImageContentType.h */,
				EE2E4FB71B70969100F01E8E /* NSData+ImageContentType.m */,
				EE2E4FB81B70969100F01E8E /* SDImageCache.h */,
				EE2E4FB91B70969100F01E8E /* SDImageCache.m */,
				EE2E4FBA1B70969100F01E8E /* SDWebImageCompat.h */,
				EE2E4FBB1B70969100F01E8E /* SDWebImageCompat.m */,
				EE2E4FBC1B70969100F01E8E /* SDWebImageDecoder.h */,
				EE2E4FBD1B70969100F01E8E /* SDWebImageDecoder.m */,
				EE2E4FBE1B70969100F01E8E /* SDWebImageDownloader.h */,
				EE2E4FBF1B70969100F01E8E /* SDWebImageDownloader.m */,
				EE2E4FC01B70969100F01E8E /* SDWebImageDownloaderOperation.h */,
				EE2E4FC11B70969100F01E8E /* SDWebImageDownloaderOperation.m */,
				EE2E4FC21B70969100F01E8E /* SDWebImageManager.h */,
				EE2E4FC31B70969100F01E8E /* SDWebImageManager.m */,
				EE2E4FC41B70969100F01E8E /* SDWebImageOperation.h */,
				EE2E4FC51B70969100F01E8E /* SDWebImagePrefetcher.h */,
				EE2E4FC61B70969100F01E8E /* SDWebImagePrefetcher.m */,
				EE2E4FC71B70969100F01E8E /* UIButton+WebCache.h */,
				EE2E4FC81B70969100F01E8E /* UIButton+WebCache.m */,
				EE2E4FC91B70969100F01E8E /* UIImage+GIF.h */,
				EE2E4FCA1B70969100F01E8E /* UIImage+GIF.m */,
				EE2E4FCB1B70969100F01E8E /* UIImage+MultiFormat.h */,
				EE2E4FCC1B70969100F01E8E /* UIImage+MultiFormat.m */,
				EE2E4FCD1B70969100F01E8E /* UIImage+WebP.h */,
				EE2E4FCE1B70969100F01E8E /* UIImage+WebP.m */,
				EE2E4FCF1B70969100F01E8E /* UIImageView+HighlightedWebCache.h */,
				EE2E4FD01B70969100F01E8E /* UIImageView+HighlightedWebCache.m */,
				EE2E4FD11B70969100F01E8E /* UIImageView+WebCache.h */,
				EE2E4FD21B70969100F01E8E /* UIImageView+WebCache.m */,
				EE2E4FD31B70969100F01E8E /* UIView+WebCacheOperation.h */,
				EE2E4FD41B70969100F01E8E /* UIView+WebCacheOperation.m */,
			);
			path = SDWebImage;
			sourceTree = "<group>";
		};
/* End PBXGroup section */

/* Begin PBXNativeTarget section */
		EE2E4F701B70963C00F01E8E /* HZPhotoBrowserDemo */ = {
			isa = PBXNativeTarget;
			buildConfigurationList = EE2E4F941B70963C00F01E8E /* Build configuration list for PBXNativeTarget "HZPhotoBrowserDemo" */;
			buildPhases = (
				EE2E4F6D1B70963C00F01E8E /* Sources */,
				EE2E4F6E1B70963C00F01E8E /* Frameworks */,
				EE2E4F6F1B70963C00F01E8E /* Resources */,
			);
			buildRules = (
			);
			dependencies = (
			);
			name = HZPhotoBrowserDemo;
			productName = HZPhotoBrowserDemo;
			productReference = EE2E4F711B70963C00F01E8E /* HZPhotoBrowserDemo.app */;
			productType = "com.apple.product-type.application";
		};
		EE2E4F891B70963C00F01E8E /* HZPhotoBrowserDemoTests */ = {
			isa = PBXNativeTarget;
			buildConfigurationList = EE2E4F971B70963C00F01E8E /* Build configuration list for PBXNativeTarget "HZPhotoBrowserDemoTests" */;
			buildPhases = (
				EE2E4F861B70963C00F01E8E /* Sources */,
				EE2E4F871B70963C00F01E8E /* Frameworks */,
				EE2E4F881B70963C00F01E8E /* Resources */,
			);
			buildRules = (
			);
			dependencies = (
				EE2E4F8C1B70963C00F01E8E /* PBXTargetDependency */,
			);
			name = HZPhotoBrowserDemoTests;
			productName = HZPhotoBrowserDemoTests;
			productReference = EE2E4F8A1B70963C00F01E8E /* HZPhotoBrowserDemoTests.xctest */;
			productType = "com.apple.product-type.bundle.unit-test";
		};
/* End PBXNativeTarget section */

/* Begin PBXProject section */
		EE2E4F691B70963C00F01E8E /* Project object */ = {
			isa = PBXProject;
			attributes = {
				LastUpgradeCheck = 0640;
				ORGANIZATIONNAME = eamon;
				TargetAttributes = {
					EE2E4F701B70963C00F01E8E = {
						CreatedOnToolsVersion = 6.4;
					};
					EE2E4F891B70963C00F01E8E = {
						CreatedOnToolsVersion = 6.4;
						TestTargetID = EE2E4F701B70963C00F01E8E;
					};
				};
			};
			buildConfigurationList = EE2E4F6C1B70963C00F01E8E /* Build configuration list for PBXProject "HZPhotoBrowserDemo" */;
			compatibilityVersion = "Xcode 3.2";
			developmentRegion = English;
			hasScannedForEncodings = 0;
			knownRegions = (
				en,
				Base,
			);
			mainGroup = EE2E4F681B70963C00F01E8E;
			productRefGroup = EE2E4F721B70963C00F01E8E /* Products */;
			projectDirPath = "";
			projectRoot = "";
			targets = (
				EE2E4F701B70963C00F01E8E /* HZPhotoBrowserDemo */,
				EE2E4F891B70963C00F01E8E /* HZPhotoBrowserDemoTests */,
			);
		};
/* End PBXProject section */

/* Begin PBXResourcesBuildPhase section */
		EE2E4F6F1B70963C00F01E8E /* Resources */ = {
			isa = PBXResourcesBuildPhase;
			buildActionMask = 2147483647;
			files = (
				EE2E4F9B1B70966800F01E8E /* Main.storyboard in Resources */,
				EE2E4F851B70963C00F01E8E /* LaunchScreen.xib in Resources */,
				EE2E4F821B70963C00F01E8E /* Images.xcassets in Resources */,
				EE2E4FD91B70969100F01E8E /* whiteplaceholder.png in Resources */,
			);
			runOnlyForDeploymentPostprocessing = 0;
		};
		EE2E4F881B70963C00F01E8E /* Resources */ = {
			isa = PBXResourcesBuildPhase;
			buildActionMask = 2147483647;
			files = (
			);
			runOnlyForDeploymentPostprocessing = 0;
		};
/* End PBXResourcesBuildPhase section */

/* Begin PBXSourcesBuildPhase section */
		EE2E4F6D1B70963C00F01E8E /* Sources */ = {
			isa = PBXSourcesBuildPhase;
			buildActionMask = 2147483647;
			files = (
				EE2E4FD81B70969100F01E8E /* HZPhotoBrowserView.m in Sources */,
				EE2E4FDB1B70969100F01E8E /* MKAnnotationView+WebCache.m in Sources */,
				EE2E4FA21B70967C00F01E8E /* ViewController.m in Sources */,
				EE2E4FE31B70969100F01E8E /* SDWebImagePrefetcher.m in Sources */,
				EE2E4FE21B70969100F01E8E /* SDWebImageManager.m in Sources */,
				EE2E4F7A1B70963C00F01E8E /* AppDelegate.m in Sources */,
				EE2E4FD51B70969100F01E8E /* HZImagesGroupView.m in Sources */,
				EE2E4FE91B70969100F01E8E /* UIImageView+WebCache.m in Sources */,
				EE2E4FDE1B70969100F01E8E /* SDWebImageCompat.m in Sources */,
				EE2E4FD71B70969100F01E8E /* HZPhotoBrowser.m in Sources */,
				EE2E4FDF1B70969100F01E8E /* SDWebImageDecoder.m in Sources */,
				EE2E4FE61B70969100F01E8E /* UIImage+MultiFormat.m in Sources */,
				EE2E4FE71B70969100F01E8E /* UIImage+WebP.m in Sources */,
				EE2E4FE11B70969100F01E8E /* SDWebImageDownloaderOperation.m in Sources */,
				EE2E4FEA1B70969100F01E8E /* UIView+WebCacheOperation.m in Sources */,
				EE2E4FE01B70969100F01E8E /* SDWebImageDownloader.m in Sources */,
				EE2E4FE51B70969100F01E8E /* UIImage+GIF.m in Sources */,
				EE2E4FA31B70967C00F01E8E /* CustomCell.m in Sources */,
				EE2E4F771B70963C00F01E8E /* main.m in Sources */,
				EE2E4FED1B709F4500F01E8E /* HZNavigationController.m in Sources */,
				EE2E4FDA1B70969100F01E8E /* HZPhotoItemModel.m in Sources */,
				EE2E4FE81B70969100F01E8E /* UIImageView+HighlightedWebCache.m in Sources */,
				EE2E4FD61B70969100F01E8E /* HZIndicatorView.m in Sources */,
				EE2E4FDD1B70969100F01E8E /* SDImageCache.m in Sources */,
				EE2E4FE41B70969100F01E8E /* UIButton+WebCache.m in Sources */,
				EE2E4FDC1B70969100F01E8E /* NSData+ImageContentType.m in Sources */,
				EE2E4FA41B70967C00F01E8E /* personInfo.m in Sources */,
			);
			runOnlyForDeploymentPostprocessing = 0;
		};
		EE2E4F861B70963C00F01E8E /* Sources */ = {
			isa = PBXSourcesBuildPhase;
			buildActionMask = 2147483647;
			files = (
				EE2E4F911B70963C00F01E8E /* HZPhotoBrowserDemoTests.m in Sources */,
			);
			runOnlyForDeploymentPostprocessing = 0;
		};
/* End PBXSourcesBuildPhase section */

/* Begin PBXTargetDependency section */
		EE2E4F8C1B70963C00F01E8E /* PBXTargetDependency */ = {
			isa = PBXTargetDependency;
			target = EE2E4F701B70963C00F01E8E /* HZPhotoBrowserDemo */;
			targetProxy = EE2E4F8B1B70963C00F01E8E /* PBXContainerItemProxy */;
		};
/* End PBXTargetDependency section */

/* Begin PBXVariantGroup section */
		EE2E4F831B70963C00F01E8E /* LaunchScreen.xib */ = {
			isa = PBXVariantGroup;
			children = (
				EE2E4F841B70963C00F01E8E /* Base */,
			);
			name = LaunchScreen.xib;
			sourceTree = "<group>";
		};
/* End PBXVariantGroup section */

/* Begin XCBuildConfiguration section */
		EE2E4F921B70963C00F01E8E /* Debug */ = {
			isa = XCBuildConfiguration;
			buildSettings = {
				ALWAYS_SEARCH_USER_PATHS = NO;
				CLANG_CXX_LANGUAGE_STANDARD = "gnu++0x";
				CLANG_CXX_LIBRARY = "libc++";
				CLANG_ENABLE_MODULES = YES;
				CLANG_ENABLE_OBJC_ARC = YES;
				CLANG_WARN_BOOL_CONVERSION = YES;
				CLANG_WARN_CONSTANT_CONVERSION = YES;
				CLANG_WARN_DIRECT_OBJC_ISA_USAGE = YES_ERROR;
				CLANG_WARN_EMPTY_BODY = YES;
				CLANG_WARN_ENUM_CONVERSION = YES;
				CLANG_WARN_INT_CONVERSION = YES;
				CLANG_WARN_OBJC_ROOT_CLASS = YES_ERROR;
				CLANG_WARN_UNREACHABLE_CODE = YES;
				CLANG_WARN__DUPLICATE_METHOD_MATCH = YES;
				"CODE_SIGN_IDENTITY[sdk=iphoneos*]" = "iPhone Developer";
				COPY_PHASE_STRIP = NO;
				DEBUG_INFORMATION_FORMAT = "dwarf-with-dsym";
				ENABLE_STRICT_OBJC_MSGSEND = YES;
				GCC_C_LANGUAGE_STANDARD = gnu99;
				GCC_DYNAMIC_NO_PIC = NO;
				GCC_NO_COMMON_BLOCKS = YES;
				GCC_OPTIMIZATION_LEVEL = 0;
				GCC_PREPROCESSOR_DEFINITIONS = (
					"DEBUG=1",
					"$(inherited)",
				);
				GCC_SYMBOLS_PRIVATE_EXTERN = NO;
				GCC_WARN_64_TO_32_BIT_CONVERSION = YES;
				GCC_WARN_ABOUT_RETURN_TYPE = YES_ERROR;
				GCC_WARN_UNDECLARED_SELECTOR = YES;
				GCC_WARN_UNINITIALIZED_AUTOS = YES_AGGRESSIVE;
				GCC_WARN_UNUSED_FUNCTION = YES;
				GCC_WARN_UNUSED_VARIABLE = YES;
				IPHONEOS_DEPLOYMENT_TARGET = 8.4;
				MTL_ENABLE_DEBUG_INFO = YES;
				ONLY_ACTIVE_ARCH = YES;
				SDKROOT = iphoneos;
			};
			name = Debug;
		};
		EE2E4F931B70963C00F01E8E /* Release */ = {
			isa = XCBuildConfiguration;
			buildSettings = {
				ALWAYS_SEARCH_USER_PATHS = NO;
				CLANG_CXX_LANGUAGE_STANDARD = "gnu++0x";
				CLANG_CXX_LIBRARY = "libc++";
				CLANG_ENABLE_MODULES = YES;
				CLANG_ENABLE_OBJC_ARC = YES;
				CLANG_WARN_BOOL_CONVERSION = YES;
				CLANG_WARN_CONSTANT_CONVERSION = YES;
				CLANG_WARN_DIRECT_OBJC_ISA_USAGE = YES_ERROR;
				CLANG_WARN_EMPTY_BODY = YES;
				CLANG_WARN_ENUM_CONVERSION = YES;
				CLANG_WARN_INT_CONVERSION = YES;
				CLANG_WARN_OBJC_ROOT_CLASS = YES_ERROR;
				CLANG_WARN_UNREACHABLE_CODE = YES;
				CLANG_WARN__DUPLICATE_METHOD_MATCH = YES;
				"CODE_SIGN_IDENTITY[sdk=iphoneos*]" = "iPhone Developer";
				COPY_PHASE_STRIP = NO;
				DEBUG_INFORMATION_FORMAT = "dwarf-with-dsym";
				ENABLE_NS_ASSERTIONS = NO;
				ENABLE_STRICT_OBJC_MSGSEND = YES;
				GCC_C_LANGUAGE_STANDARD = gnu99;
				GCC_NO_COMMON_BLOCKS = YES;
				GCC_WARN_64_TO_32_BIT_CONVERSION = YES;
				GCC_WARN_ABOUT_RETURN_TYPE = YES_ERROR;
				GCC_WARN_UNDECLARED_SELECTOR = YES;
				GCC_WARN_UNINITIALIZED_AUTOS = YES_AGGRESSIVE;
				GCC_WARN_UNUSED_FUNCTION = YES;
				GCC_WARN_UNUSED_VARIABLE = YES;
				IPHONEOS_DEPLOYMENT_TARGET = 8.4;
				MTL_ENABLE_DEBUG_INFO = NO;
				SDKROOT = iphoneos;
				VALIDATE_PRODUCT = YES;
			};
			name = Release;
		};
		EE2E4F951B70963C00F01E8E /* Debug */ = {
			isa = XCBuildConfiguration;
			buildSettings = {
				ASSETCATALOG_COMPILER_APPICON_NAME = AppIcon;
				INFOPLIST_FILE = HZPhotoBrowserDemo/Info.plist;
				LD_RUNPATH_SEARCH_PATHS = "$(inherited) @executable_path/Frameworks";
				PRODUCT_NAME = "$(TARGET_NAME)";
			};
			name = Debug;
		};
		EE2E4F961B70963C00F01E8E /* Release */ = {
			isa = XCBuildConfiguration;
			buildSettings = {
				ASSETCATALOG_COMPILER_APPICON_NAME = AppIcon;
				INFOPLIST_FILE = HZPhotoBrowserDemo/Info.plist;
				LD_RUNPATH_SEARCH_PATHS = "$(inherited) @executable_path/Frameworks";
				PRODUCT_NAME = "$(TARGET_NAME)";
			};
			name = Release;
		};
		EE2E4F981B70963C00F01E8E /* Debug */ = {
			isa = XCBuildConfiguration;
			buildSettings = {
				BUNDLE_LOADER = "$(TEST_HOST)";
				FRAMEWORK_SEARCH_PATHS = (
					"$(SDKROOT)/Developer/Library/Frameworks",
					"$(inherited)",
				);
				GCC_PREPROCESSOR_DEFINITIONS = (
					"DEBUG=1",
					"$(inherited)",
				);
				INFOPLIST_FILE = HZPhotoBrowserDemoTests/Info.plist;
				LD_RUNPATH_SEARCH_PATHS = "$(inherited) @executable_path/Frameworks @loader_path/Frameworks";
				PRODUCT_NAME = "$(TARGET_NAME)";
				TEST_HOST = "$(BUILT_PRODUCTS_DIR)/HZPhotoBrowserDemo.app/HZPhotoBrowserDemo";
			};
			name = Debug;
		};
		EE2E4F991B70963C00F01E8E /* Release */ = {
			isa = XCBuildConfiguration;
			buildSettings = {
				BUNDLE_LOADER = "$(TEST_HOST)";
				FRAMEWORK_SEARCH_PATHS = (
					"$(SDKROOT)/Developer/Library/Frameworks",
					"$(inherited)",
				);
				INFOPLIST_FILE = HZPhotoBrowserDemoTests/Info.plist;
				LD_RUNPATH_SEARCH_PATHS = "$(inherited) @executable_path/Frameworks @loader_path/Frameworks";
				PRODUCT_NAME = "$(TARGET_NAME)";
				TEST_HOST = "$(BUILT_PRODUCTS_DIR)/HZPhotoBrowserDemo.app/HZPhotoBrowserDemo";
			};
			name = Release;
		};
/* End XCBuildConfiguration section */

/* Begin XCConfigurationList section */
		EE2E4F6C1B70963C00F01E8E /* Build configuration list for PBXProject "HZPhotoBrowserDemo" */ = {
			isa = XCConfigurationList;
			buildConfigurations = (
				EE2E4F921B70963C00F01E8E /* Debug */,
				EE2E4F931B70963C00F01E8E /* Release */,
			);
			defaultConfigurationIsVisible = 0;
			defaultConfigurationName = Release;
		};
		EE2E4F941B70963C00F01E8E /* Build configuration list for PBXNativeTarget "HZPhotoBrowserDemo" */ = {
			isa = XCConfigurationList;
			buildConfigurations = (
				EE2E4F951B70963C00F01E8E /* Debug */,
				EE2E4F961B70963C00F01E8E /* Release */,
			);
			defaultConfigurationIsVisible = 0;
			defaultConfigurationName = Release;
		};
		EE2E4F971B70963C00F01E8E /* Build configuration list for PBXNativeTarget "HZPhotoBrowserDemoTests" */ = {
			isa = XCConfigurationList;
			buildConfigurations = (
				EE2E4F981B70963C00F01E8E /* Debug */,
				EE2E4F991B70963C00F01E8E /* Release */,
			);
			defaultConfigurationIsVisible = 0;
			defaultConfigurationName = Release;
		};
/* End XCConfigurationList section */
	};
	rootObject = EE2E4F691B70963C00F01E8E /* Project object */;
}
